
Microsoft Visual Studio Solution File, Format Version 12.00
# Visual Studio 2012
# SharpDevelop 5.1
VisualStudioVersion = 12.0.20827.3
MinimumVisualStudioVersion = 10.0.40219.1
Project("{FAE04EC0-301F-11D3-BF4B-00C04F79EFBC}") = "Day1", "Day1\Day1.csproj", "{BC24813E-FF63-42F3-9379-7B1491F37001}"
EndProject
Project("{FAE04EC0-301F-11D3-BF4B-00C04F79EFBC}") = "Day1b", "Day1b\Day1b.csproj", "{C393F3E1-393A-4B2C-B399-562FBC1A0951}"
EndProject
Project("{FAE04EC0-301F-11D3-BF4B-00C04F79EFBC}") = "Day2", "Day2\Day2.csproj", "{5DD95741-0336-415E-A01C-B60B582A439C}"
EndProject
Global
	GlobalSection(SolutionConfigurationPlatforms) = preSolution
		Debug|Any CPU = Debug|Any CPU
		Release|Any CPU = Release|Any CPU
	EndGlobalSection
	GlobalSection(ProjectConfigurationPlatforms) = postSolution
		{BC24813E-FF63-42F3-9379-7B1491F37001}.Debug|Any CPU.ActiveCfg = Debug|Any CPU
		{BC24813E-FF63-42F3-9379-7B1491F37001}.Debug|Any CPU.Build.0 = Debug|Any CPU
		{BC24813E-FF63-42F3-9379-7B1491F37001}.Release|Any CPU.ActiveCfg = Release|Any CPU
		{BC24813E-FF63-42F3-9379-7B1491F37001}.Release|Any CPU.Build.0 = Release|Any CPU
		{C393F3E1-393A-4B2C-B399-562FBC1A0951}.Debug|Any CPU.ActiveCfg = Debug|Any CPU
		{C393F3E1-393A-4B2C-B399-562FBC1A0951}.Debug|Any CPU.Build.0 = Debug|Any CPU
		{C393F3E1-393A-4B2C-B399-562FBC1A0951}.Release|Any CPU.ActiveCfg = Release|Any CPU
		{C393F3E1-393A-4B2C-B399-562FBC1A0951}.Release|Any CPU.Build.0 = Release|Any CPU
		{5DD95741-0336-415E-A01C-B60B582A439C}.Debug|Any CPU.ActiveCfg = Debug|Any CPU
		{5DD95741-0336-415E-A01C-B60B582A439C}.Debug|Any CPU.Build.0 = Debug|Any CPU
		{5DD95741-0336-415E-A01C-B60B582A439C}.Release|Any CPU.ActiveCfg = Release|Any CPU
		{5DD95741-0336-415E-A01C-B60B582A439C}.Release|Any CPU.Build.0 = Release|Any CPU
	EndGlobalSection
EndGlobal
